# This file is automatically @generated by Cargo.
# It is not intended for manual editing.
version = 4

[[package]]
name = "aho-corasick"
version = "1.1.3"
source = "registry+https://github.com/rust-lang/crates.io-index"
checksum = "8e60d3430d3a69478ad0993f19238d2df97c507009a52b3c10addcd7f6bcb916"
dependencies = [
 "memchr",
]

[[package]]
name = "anyhow"
version = "1.0.100"
source = "registry+https://github.com/rust-lang/crates.io-index"
checksum = "a23eb6b1614318a8071c9b2521f36b424b2c83db5eb3a0fead4a6c0809af6e61"

[[package]]
name = "bitflags"
version = "1.3.2"
source = "registry+https://github.com/rust-lang/crates.io-index"
checksum = "bef38d45163c2f1dde094a7dfd33ccf595c92905c8f8f4fdc18d06fb1037718a"

[[package]]
name = "bitflags"
version = "2.9.4"
source = "registry+https://github.com/rust-lang/crates.io-index"
checksum = "2261d10cca569e4643e526d8dc2e62e433cc8aba21ab764233731f8d369bf394"

[[package]]
name = "block2"
version = "0.6.1"
source = "registry+https://github.com/rust-lang/crates.io-index"
checksum = "340d2f0bdb2a43c1d3cd40513185b2bd7def0aa1052f956455114bc98f82dcf2"
dependencies = [
 "objc2",
]

[[package]]
name = "cc"
version = "1.2.39"
source = "registry+https://github.com/rust-lang/crates.io-index"
checksum = "e1354349954c6fc9cb0deab020f27f783cf0b604e8bb754dc4658ecf0d29c35f"
dependencies = [
 "find-msvc-tools",
 "shlex",
]

[[package]]
name = "cfg-if"
version = "1.0.3"
source = "registry+https://github.com/rust-lang/crates.io-index"
checksum = "2fd1289c04a9ea8cb22300a459a72a385d7c73d3259e2ed7dcb2af674838cfa9"

[[package]]
name = "colored"
version = "2.2.0"
source = "registry+https://github.com/rust-lang/crates.io-index"
checksum = "117725a109d387c937a1533ce01b450cbde6b88abceea8473c4d7a85853cda3c"
dependencies = [
 "lazy_static",
 "windows-sys 0.59.0",
]

[[package]]
name = "const-random"
version = "0.1.18"
source = "registry+https://github.com/rust-lang/crates.io-index"
checksum = "87e00182fe74b066627d63b85fd550ac2998d4b0bd86bfed477a0ae4c7c71359"
dependencies = [
 "const-random-macro",
]

[[package]]
name = "const-random-macro"
version = "0.1.16"
source = "registry+https://github.com/rust-lang/crates.io-index"
checksum = "f9d839f2a20b0aee515dc581a6172f2321f96cab76c1a38a4c584a194955390e"
dependencies = [
 "getrandom",
 "once_cell",
 "tiny-keccak",
]

[[package]]
name = "const_format"
version = "0.2.35"
source = "registry+https://github.com/rust-lang/crates.io-index"
checksum = "7faa7469a93a566e9ccc1c73fe783b4a65c274c5ace346038dca9c39fe0030ad"
dependencies = [
 "const_format_proc_macros",
 "konst 0.2.19",
]

[[package]]
name = "const_format_proc_macros"
version = "0.2.34"
source = "registry+https://github.com/rust-lang/crates.io-index"
checksum = "1d57c2eccfb16dbac1f4e61e206105db5820c9d26c3c472bc17c774259ef7744"
dependencies = [
 "proc-macro2",
 "quote",
 "unicode-xid",
]

[[package]]
name = "const_panic"
version = "0.2.15"
source = "registry+https://github.com/rust-lang/crates.io-index"
checksum = "e262cdaac42494e3ae34c43969f9cdeb7da178bdb4b66fa6a1ea2edb4c8ae652"
dependencies = [
 "typewit",
]

[[package]]
name = "convert_case"
version = "0.8.0"
source = "registry+https://github.com/rust-lang/crates.io-index"
checksum = "baaaa0ecca5b51987b9423ccdc971514dd8b0bb7b4060b983d3664dad3f1f89f"
dependencies = [
 "unicode-segmentation",
]

[[package]]
name = "crunchy"
version = "0.2.4"
source = "registry+https://github.com/rust-lang/crates.io-index"
checksum = "460fbee9c2c2f33933d720630a6a0bac33ba7053db5344fac858d4b8952d77d5"

[[package]]
name = "csbindgen"
version = "1.9.6"
source = "registry+https://github.com/rust-lang/crates.io-index"
checksum = "27370712d5831ee4ba8ddbde134cd1c6a3418e96ba4b9d1d88f27a3169013400"
dependencies = [
 "regex",
 "syn 2.0.106",
]

[[package]]
name = "ctor"
version = "0.5.0"
source = "registry+https://github.com/rust-lang/crates.io-index"
checksum = "67773048316103656a637612c4a62477603b777d91d9c62ff2290f9cde178fdb"
dependencies = [
 "ctor-proc-macro",
 "dtor",
]

[[package]]
name = "ctor-proc-macro"
version = "0.0.6"
source = "registry+https://github.com/rust-lang/crates.io-index"
checksum = "e2931af7e13dc045d8e9d26afccc6fa115d64e115c9c84b1166288b46f6782c2"

[[package]]
name = "dispatch2"
version = "0.3.0"
source = "registry+https://github.com/rust-lang/crates.io-index"
checksum = "89a09f22a6c6069a18470eb92d2298acf25463f14256d24778e1230d789a2aec"
dependencies = [
 "bitflags 2.9.4",
 "objc2",
]

[[package]]
name = "dlv-list"
version = "0.5.2"
source = "registry+https://github.com/rust-lang/crates.io-index"
checksum = "442039f5147480ba31067cb00ada1adae6892028e40e45fc5de7b7df6dcc1b5f"
dependencies = [
 "const-random",
]

[[package]]
name = "doorstop"
version = "0.1.0"
dependencies = [
 "ctor",
 "doorstop_core",
 "doorstop_shared",
 "windows 0.62.1",
]

[[package]]
name = "doorstop_core"
version = "0.1.0"
dependencies = [
 "anyhow",
 "bitflags 2.9.4",
 "cfg-if",
 "const_format",
 "doorstop_shared",
 "dtor",
 "eager2",
 "fern",
 "libc",
 "libloading",
 "log",
 "objc2",
 "objc2-foundation",
 "plthook",
 "rust-ini",
 "windows 0.62.1",
]

[[package]]
name = "doorstop_launcher"
version = "0.1.0"
dependencies = [
 "anyhow",
 "doorstop_shared",
 "libc",
 "mini-syringe",
 "objc2",
 "objc2-foundation",
 "windows 0.62.1",
]

[[package]]
name = "doorstop_player"
version = "0.1.0"
dependencies = [
 "anyhow",
 "cfg-if",
 "doorstop_core",
 "doorstop_shared",
 "libc",
 "libloading",
 "objc2",
 "objc2-foundation",
 "plthook",
 "windows 0.62.1",
]

[[package]]
name = "doorstop_shared"
version = "0.1.0"

[[package]]
name = "dtor"
version = "0.1.0"
source = "registry+https://github.com/rust-lang/crates.io-index"
checksum = "e58a0764cddb55ab28955347b45be00ade43d4d6f3ba4bf3dc354e4ec9432934"
dependencies = [
 "dtor-proc-macro",
]

[[package]]
name = "dtor-proc-macro"
version = "0.0.6"
source = "registry+https://github.com/rust-lang/crates.io-index"
checksum = "f678cf4a922c215c63e0de95eb1ff08a958a81d47e485cf9da1e27bf6305cfa5"

[[package]]
name = "eager2"
version = "1.1.4"
source = "registry+https://github.com/rust-lang/crates.io-index"
checksum = "05c0a43ac6189c332cf436547872b77fb5a29588634e955c4f01189851e92f01"
dependencies = [
 "convert_case",
 "eager2-core",
 "litrs",
]

[[package]]
name = "eager2-core"
version = "1.1.4"
source = "registry+https://github.com/rust-lang/crates.io-index"
checksum = "bf0d30dfa2e29847facbfbc231e3cf62dab642bb1372eadf9c453ae984041743"

[[package]]
name = "either"
version = "1.15.0"
source = "registry+https://github.com/rust-lang/crates.io-index"
checksum = "48c757948c5ede0e46177b7add2e67155f70e33c07fea8284df6576da70b3719"

[[package]]
name = "fern"
version = "0.7.1"
source = "registry+https://github.com/rust-lang/crates.io-index"
checksum = "4316185f709b23713e41e3195f90edef7fb00c3ed4adc79769cf09cc762a3b29"
dependencies = [
 "colored",
 "log",
]

[[package]]
name = "find-msvc-tools"
version = "0.1.2"
source = "registry+https://github.com/rust-lang/crates.io-index"
checksum = "1ced73b1dacfc750a6db6c0a0c3a3853c8b41997e2e2c563dc90804ae6867959"

[[package]]
name = "getrandom"
version = "0.2.16"
source = "registry+https://github.com/rust-lang/crates.io-index"
checksum = "335ff9f135e4384c8150d6f27c6daed433577f86b4750418338c01a1a2528592"
dependencies = [
 "cfg-if",
 "libc",
 "wasi",
]

[[package]]
name = "goblin"
version = "0.10.1"
source = "registry+https://github.com/rust-lang/crates.io-index"
checksum = "d6a80adfd63bd7ffd94fefc3d22167880c440a724303080e5aa686fa36abaa96"
dependencies = [
 "log",
 "plain",
 "scroll",
]

[[package]]
name = "hashbrown"
version = "0.14.5"
source = "registry+https://github.com/rust-lang/crates.io-index"
checksum = "e5274423e17b7c9fc20b6e7e208532f9b19825d82dfd615708b70edd83df41f1"

[[package]]
name = "itertools"
version = "0.8.2"
source = "registry+https://github.com/rust-lang/crates.io-index"
checksum = "f56a2d0bc861f9165be4eb3442afd3c236d8a98afd426f65d92324ae1091a484"
dependencies = [
 "either",
]

[[package]]
name = "konst"
version = "0.2.19"
source = "registry+https://github.com/rust-lang/crates.io-index"
checksum = "330f0e13e6483b8c34885f7e6c9f19b1a7bd449c673fbb948a51c99d66ef74f4"
dependencies = [
 "konst_macro_rules",
]

[[package]]
name = "konst"
version = "0.3.16"
source = "registry+https://github.com/rust-lang/crates.io-index"
checksum = "4381b9b00c55f251f2ebe9473aef7c117e96828def1a7cb3bd3f0f903c6894e9"
dependencies = [
 "const_panic",
 "konst_kernel",
 "typewit",
]

[[package]]
name = "konst_kernel"
version = "0.3.15"
source = "registry+https://github.com/rust-lang/crates.io-index"
checksum = "e4b1eb7788f3824c629b1116a7a9060d6e898c358ebff59070093d51103dcc3c"
dependencies = [
 "typewit",
]

[[package]]
name = "konst_macro_rules"
version = "0.2.19"
source = "registry+https://github.com/rust-lang/crates.io-index"
checksum = "a4933f3f57a8e9d9da04db23fb153356ecaf00cbd14aee46279c33dc80925c37"

[[package]]
name = "lazy_static"
version = "1.5.0"
source = "registry+https://github.com/rust-lang/crates.io-index"
checksum = "bbd2bcb4c963f2ddae06a2efc7e9f3591312473c50c6685e1f298068316e66fe"

[[package]]
name = "libc"
version = "0.2.176"
source = "registry+https://github.com/rust-lang/crates.io-index"
checksum = "58f929b4d672ea937a23a1ab494143d968337a5f47e56d0815df1e0890ddf174"

[[package]]
name = "libloading"
version = "0.8.9"
source = "registry+https://github.com/rust-lang/crates.io-index"
checksum = "d7c4b02199fee7c5d21a5ae7d8cfa79a6ef5bb2fc834d6e9058e89c825efdc55"
dependencies = [
 "cfg-if",
 "windows-link 0.2.0",
]

[[package]]
name = "litrs"
version = "0.4.2"
source = "registry+https://github.com/rust-lang/crates.io-index"
checksum = "f5e54036fe321fd421e10d732f155734c4e4afd610dd556d9a82833ab3ee0bed"

[[package]]
name = "log"
version = "0.4.28"
source = "registry+https://github.com/rust-lang/crates.io-index"
checksum = "34080505efa8e45a4b816c349525ebe327ceaa8559756f0356cba97ef3bf7432"

[[package]]
name = "memchr"
version = "2.7.6"
source = "registry+https://github.com/rust-lang/crates.io-index"
checksum = "f52b00d39961fc5b2736ea853c9cc86238e165017a493d1d5c8eac6bdc4cc273"

[[package]]
name = "mini-syringe"
version = "0.1.0"
source = "git+https://github.com/js6pak/dll-syringe.git?branch=reloaded3#33483ad8398dc6093fb207e4a6a210afcee40fd7"
dependencies = [
 "csbindgen",
 "goblin",
 "konst 0.3.16",
 "num_enum",
 "path-absolutize",
 "same-file",
 "shrinkwraprs",
 "stopwatch2",
 "sysinfo",
 "thiserror",
 "widestring",
 "winapi",
]

[[package]]
name = "ntapi"
version = "0.4.1"
source = "registry+https://github.com/rust-lang/crates.io-index"
checksum = "e8a3895c6391c39d7fe7ebc444a87eb2991b2a0bc718fdabd071eec617fc68e4"
dependencies = [
 "winapi",
]

[[package]]
name = "num_enum"
version = "0.7.4"
source = "registry+https://github.com/rust-lang/crates.io-index"
checksum = "a973b4e44ce6cad84ce69d797acf9a044532e4184c4f267913d1b546a0727b7a"
dependencies = [
 "num_enum_derive",
 "rustversion",
]

[[package]]
name = "num_enum_derive"
version = "0.7.4"
source = "registry+https://github.com/rust-lang/crates.io-index"
checksum = "77e878c846a8abae00dd069496dbe8751b16ac1c3d6bd2a7283a938e8228f90d"
dependencies = [
 "proc-macro2",
 "quote",
 "syn 2.0.106",
]

[[package]]
name = "objc2"
version = "0.6.2"
source = "registry+https://github.com/rust-lang/crates.io-index"
checksum = "561f357ba7f3a2a61563a186a163d0a3a5247e1089524a3981d49adb775078bc"
dependencies = [
 "objc2-encode",
]

[[package]]
name = "objc2-core-foundation"
version = "0.3.1"
source = "registry+https://github.com/rust-lang/crates.io-index"
checksum = "1c10c2894a6fed806ade6027bcd50662746363a9589d3ec9d9bef30a4e4bc166"
dependencies = [
 "bitflags 2.9.4",
 "dispatch2",
 "objc2",
]

[[package]]
name = "objc2-encode"
version = "4.1.0"
source = "registry+https://github.com/rust-lang/crates.io-index"
checksum = "ef25abbcd74fb2609453eb695bd2f860d389e457f67dc17cafc8b8cbc89d0c33"

[[package]]
name = "objc2-foundation"
version = "0.3.1"
source = "registry+https://github.com/rust-lang/crates.io-index"
checksum = "900831247d2fe1a09a683278e5384cfb8c80c79fe6b166f9d14bfdde0ea1b03c"
dependencies = [
 "bitflags 2.9.4",
 "block2",
 "libc",
 "objc2",
 "objc2-core-foundation",
]

[[package]]
name = "objc2-io-kit"
version = "0.3.1"
source = "registry+https://github.com/rust-lang/crates.io-index"
checksum = "71c1c64d6120e51cd86033f67176b1cb66780c2efe34dec55176f77befd93c0a"
dependencies = [
 "libc",
 "objc2-core-foundation",
]

[[package]]
name = "once_cell"
version = "1.21.3"
source = "registry+https://github.com/rust-lang/crates.io-index"
checksum = "42f5e15c9953c5e4ccceeb2e7382a716482c34515315f7b03532b8b4e8393d2d"

[[package]]
name = "ordered-multimap"
version = "0.7.3"
source = "registry+https://github.com/rust-lang/crates.io-index"
checksum = "49203cdcae0030493bad186b28da2fa25645fa276a51b6fec8010d281e02ef79"
dependencies = [
 "dlv-list",
 "hashbrown",
]

[[package]]
name = "path-absolutize"
version = "3.1.1"
source = "registry+https://github.com/rust-lang/crates.io-index"
checksum = "e4af381fe79fa195b4909485d99f73a80792331df0625188e707854f0b3383f5"
dependencies = [
 "path-dedot",
]

[[package]]
name = "path-dedot"
version = "3.1.1"
source = "registry+https://github.com/rust-lang/crates.io-index"
checksum = "07ba0ad7e047712414213ff67533e6dd477af0a4e1d14fb52343e53d30ea9397"
dependencies = [
 "once_cell",
]

[[package]]
name = "plain"
version = "0.2.3"
source = "registry+https://github.com/rust-lang/crates.io-index"
checksum = "b4596b6d070b27117e987119b4dac604f3c58cfb0b191112e24771b2faeac1a6"

[[package]]
name = "plthook"
version = "0.3.0"
source = "registry+https://github.com/rust-lang/crates.io-index"
checksum = "77c6afe701d4c9c3fff8646dce49fb55595ae9158ef4318ce508866ad8b97732"
dependencies = [
 "cc",
 "winapi",
]

[[package]]
name = "proc-macro2"
version = "1.0.101"
source = "registry+https://github.com/rust-lang/crates.io-index"
checksum = "89ae43fd86e4158d6db51ad8e2b80f313af9cc74f5c0e03ccb87de09998732de"
dependencies = [
 "unicode-ident",
]

[[package]]
name = "quote"
version = "1.0.41"
source = "registry+https://github.com/rust-lang/crates.io-index"
checksum = "ce25767e7b499d1b604768e7cde645d14cc8584231ea6b295e9c9eb22c02e1d1"
dependencies = [
 "proc-macro2",
]

[[package]]
name = "regex"
version = "1.11.3"
source = "registry+https://github.com/rust-lang/crates.io-index"
checksum = "8b5288124840bee7b386bc413c487869b360b2b4ec421ea56425128692f2a82c"
dependencies = [
 "aho-corasick",
 "memchr",
 "regex-automata",
 "regex-syntax",
]

[[package]]
name = "regex-automata"
version = "0.4.11"
source = "registry+https://github.com/rust-lang/crates.io-index"
checksum = "833eb9ce86d40ef33cb1306d8accf7bc8ec2bfea4355cbdebb3df68b40925cad"
dependencies = [
 "aho-corasick",
 "memchr",
 "regex-syntax",
]

[[package]]
name = "regex-syntax"
version = "0.8.6"
source = "registry+https://github.com/rust-lang/crates.io-index"
checksum = "caf4aa5b0f434c91fe5c7f1ecb6a5ece2130b02ad2a590589dda5146df959001"

[[package]]
name = "rust-ini"
version = "0.21.3"
source = "registry+https://github.com/rust-lang/crates.io-index"
checksum = "796e8d2b6696392a43bea58116b667fb4c29727dc5abd27d6acf338bb4f688c7"
dependencies = [
 "cfg-if",
 "ordered-multimap",
]

[[package]]
name = "rustversion"
version = "1.0.22"
source = "registry+https://github.com/rust-lang/crates.io-index"
checksum = "b39cdef0fa800fc44525c84ccb54a029961a8215f9619753635a9c0d2538d46d"

[[package]]
name = "same-file"
version = "1.0.6"
source = "registry+https://github.com/rust-lang/crates.io-index"
checksum = "93fc1dc3aaa9bfed95e02e6eadabb4baf7e3078b0bd1b4d7b6b0b68378900502"
dependencies = [
 "winapi-util",
]

[[package]]
name = "scroll"
version = "0.13.0"
source = "registry+https://github.com/rust-lang/crates.io-index"
checksum = "c1257cd4248b4132760d6524d6dda4e053bc648c9070b960929bf50cfb1e7add"
dependencies = [
 "scroll_derive",
]

[[package]]
name = "scroll_derive"
version = "0.13.1"
source = "registry+https://github.com/rust-lang/crates.io-index"
checksum = "ed76efe62313ab6610570951494bdaa81568026e0318eaa55f167de70eeea67d"
dependencies = [
 "proc-macro2",
 "quote",
 "syn 2.0.106",
]

[[package]]
name = "shlex"
version = "1.3.0"
source = "registry+https://github.com/rust-lang/crates.io-index"
checksum = "0fda2ff0d084019ba4d7c6f371c95d8fd75ce3524c3cb8fb653a3023f6323e64"

[[package]]
name = "shrinkwraprs"
version = "0.3.0"
source = "registry+https://github.com/rust-lang/crates.io-index"
checksum = "e63e6744142336dfb606fe2b068afa2e1cca1ee6a5d8377277a92945d81fa331"
dependencies = [
 "bitflags 1.3.2",
 "itertools",
 "proc-macro2",
 "quote",
 "syn 1.0.109",
]

[[package]]
name = "stopwatch2"
version = "2.0.0"
source = "registry+https://github.com/rust-lang/crates.io-index"
checksum = "911ece10388afa48417f99e01df038460b6249a3ee0255f6446a6881b702fbb4"

[[package]]
name = "syn"
version = "1.0.109"
source = "registry+https://github.com/rust-lang/crates.io-index"
checksum = "72b64191b275b66ffe2469e8af2c1cfe3bafa67b529ead792a6d0160888b4237"
dependencies = [
 "proc-macro2",
 "quote",
 "unicode-ident",
]

[[package]]
name = "syn"
version = "2.0.106"
source = "registry+https://github.com/rust-lang/crates.io-index"
checksum = "ede7c438028d4436d71104916910f5bb611972c5cfd7f89b8300a8186e6fada6"
dependencies = [
 "proc-macro2",
 "quote",
 "unicode-ident",
]

[[package]]
name = "sysinfo"
version = "0.35.2"
source = "registry+https://github.com/rust-lang/crates.io-index"
checksum = "3c3ffa3e4ff2b324a57f7aeb3c349656c7b127c3c189520251a648102a92496e"
dependencies = [
 "libc",
 "memchr",
 "ntapi",
 "objc2-core-foundation",
 "objc2-io-kit",
 "windows 0.61.3",
]

[[package]]
name = "thiserror"
version = "2.0.17"
source = "registry+https://github.com/rust-lang/crates.io-index"
checksum = "f63587ca0f12b72a0600bcba1d40081f830876000bb46dd2337a3051618f4fc8"
dependencies = [
 "thiserror-impl",
]

[[package]]
name = "thiserror-impl"
version = "2.0.17"
source = "registry+https://github.com/rust-lang/crates.io-index"
checksum = "3ff15c8ecd7de3849db632e14d18d2571fa09dfc5ed93479bc4485c7a517c913"
dependencies = [
 "proc-macro2",
 "quote",
 "syn 2.0.106",
]

[[package]]
name = "tiny-keccak"
version = "2.0.2"
source = "registry+https://github.com/rust-lang/crates.io-index"
checksum = "2c9d3793400a45f954c52e73d068316d76b6f4e36977e3fcebb13a2721e80237"
dependencies = [
 "crunchy",
]

[[package]]
name = "typewit"
version = "1.14.2"
source = "registry+https://github.com/rust-lang/crates.io-index"
checksum = "f8c1ae7cc0fdb8b842d65d127cb981574b0d2b249b74d1c7a2986863dc134f71"
dependencies = [
 "typewit_proc_macros",
]

[[package]]
name = "typewit_proc_macros"
version = "1.8.1"
source = "registry+https://github.com/rust-lang/crates.io-index"
checksum = "e36a83ea2b3c704935a01b4642946aadd445cea40b10935e3f8bd8052b8193d6"

[[package]]
name = "unicode-ident"
version = "1.0.19"
source = "registry+https://github.com/rust-lang/crates.io-index"
checksum = "f63a545481291138910575129486daeaf8ac54aee4387fe7906919f7830c7d9d"

[[package]]
name = "unicode-segmentation"
version = "1.12.0"
source = "registry+https://github.com/rust-lang/crates.io-index"
checksum = "f6ccf251212114b54433ec949fd6a7841275f9ada20dddd2f29e9ceea4501493"

[[package]]
name = "unicode-xid"
version = "0.2.6"
source = "registry+https://github.com/rust-lang/crates.io-index"
checksum = "ebc1c04c71510c7f702b52b7c350734c9ff1295c464a03335b00bb84fc54f853"

[[package]]
name = "wasi"
version = "0.11.1+wasi-snapshot-preview1"
source = "registry+https://github.com/rust-lang/crates.io-index"
checksum = "ccf3ec651a847eb01de73ccad15eb7d99f80485de043efb2f370cd654f4ea44b"

[[package]]
name = "widestring"
version = "1.2.0"
source = "registry+https://github.com/rust-lang/crates.io-index"
checksum = "dd7cf3379ca1aac9eea11fba24fd7e315d621f8dfe35c8d7d2be8b793726e07d"

[[package]]
name = "winapi"
version = "0.3.9"
source = "registry+https://github.com/rust-lang/crates.io-index"
checksum = "5c839a674fcd7a98952e593242ea400abe93992746761e38641405d28b00f419"
dependencies = [
 "winapi-i686-pc-windows-gnu",
 "winapi-x86_64-pc-windows-gnu",
]

[[package]]
name = "winapi-i686-pc-windows-gnu"
version = "0.4.0"
source = "registry+https://github.com/rust-lang/crates.io-index"
checksum = "ac3b87c63620426dd9b991e5ce0329eff545bccbbb34f3be09ff6fb6ab51b7b6"

[[package]]
name = "winapi-util"
version = "0.1.11"
source = "registry+https://github.com/rust-lang/crates.io-index"
checksum = "c2a7b1c03c876122aa43f3020e6c3c3ee5c05081c9a00739faf7503aeba10d22"
dependencies = [
 "windows-sys 0.61.1",
]

[[package]]
name = "winapi-x86_64-pc-windows-gnu"
version = "0.4.0"
source = "registry+https://github.com/rust-lang/crates.io-index"
checksum = "712e227841d057c1ee1cd2fb22fa7e5a5461ae8e48fa2ca79ec42cfc1931183f"

[[package]]
name = "windows"
version = "0.61.3"
source = "registry+https://github.com/rust-lang/crates.io-index"
checksum = "9babd3a767a4c1aef6900409f85f5d53ce2544ccdfaa86dad48c91782c6d6893"
dependencies = [
 "windows-collections 0.2.0",
 "windows-core 0.61.2",
 "windows-future 0.2.1",
 "windows-link 0.1.3",
 "windows-numerics 0.2.0",
]

[[package]]
name = "windows"
version = "0.62.1"
source = "registry+https://github.com/rust-lang/crates.io-index"
checksum = "49e6c4a1f363c8210c6f77ba24f645c61c6fb941eccf013da691f7e09515b8ac"
dependencies = [
 "windows-collections 0.3.1",
 "windows-core 0.62.1",
 "windows-future 0.3.1",
 "windows-numerics 0.3.0",
]

[[package]]
name = "windows-collections"
version = "0.2.0"
source = "registry+https://github.com/rust-lang/crates.io-index"
checksum = "3beeceb5e5cfd9eb1d76b381630e82c4241ccd0d27f1a39ed41b2760b255c5e8"
dependencies = [
 "windows-core 0.61.2",
]

[[package]]
name = "windows-collections"
version = "0.3.1"
source = "registry+https://github.com/rust-lang/crates.io-index"
checksum = "123e712f464a8a60ce1a13f4c446d2d43ab06464cb5842ff68f5c71b6fb7852e"
dependencies = [
 "windows-core 0.62.1",
]

[[package]]
name = "windows-core"
version = "0.61.2"
source = "registry+https://github.com/rust-lang/crates.io-index"
checksum = "c0fdd3ddb90610c7638aa2b3a3ab2904fb9e5cdbecc643ddb3647212781c4ae3"
dependencies = [
 "windows-implement",
 "windows-interface",
 "windows-link 0.1.3",
 "windows-result 0.3.4",
 "windows-strings 0.4.2",
]

[[package]]
name = "windows-core"
version = "0.62.1"
source = "registry+https://github.com/rust-lang/crates.io-index"
checksum = "6844ee5416b285084d3d3fffd743b925a6c9385455f64f6d4fa3031c4c2749a9"
dependencies = [
 "windows-implement",
 "windows-interface",
 "windows-link 0.2.0",
 "windows-result 0.4.0",
 "windows-strings 0.5.0",
]

[[package]]
name = "windows-future"
version = "0.2.1"
source = "registry+https://github.com/rust-lang/crates.io-index"
checksum = "fc6a41e98427b19fe4b73c550f060b59fa592d7d686537eebf9385621bfbad8e"
dependencies = [
 "windows-core 0.61.2",
 "windows-link 0.1.3",
 "windows-threading 0.1.0",
]

[[package]]
name = "windows-future"
version = "0.3.1"
source = "registry+https://github.com/rust-lang/crates.io-index"
checksum = "68f3db6b24b120200d649cd4811b4947188ed3a8d2626f7075146c5d178a9a4a"
dependencies = [
 "windows-core 0.62.1",
 "windows-link 0.2.0",
 "windows-threading 0.2.0",
]

[[package]]
name = "windows-implement"
version = "0.60.1"
source = "registry+https://github.com/rust-lang/crates.io-index"
checksum = "edb307e42a74fb6de9bf3a02d9712678b22399c87e6fa869d6dfcd8c1b7754e0"
dependencies = [
 "proc-macro2",
 "quote",
 "syn 2.0.106",
]

[[package]]
name = "windows-interface"
version = "0.59.2"
source = "registry+https://github.com/rust-lang/crates.io-index"
checksum = "c0abd1ddbc6964ac14db11c7213d6532ef34bd9aa042c2e5935f59d7908b46a5"
dependencies = [
 "proc-macro2",
 "quote",
 "syn 2.0.106",
]

[[package]]
name = "windows-link"
version = "0.1.3"
source = "registry+https://github.com/rust-lang/crates.io-index"
checksum = "5e6ad25900d524eaabdbbb96d20b4311e1e7ae1699af4fb28c17ae66c80d798a"

[[package]]
name = "windows-link"
version = "0.2.0"
source = "registry+https://github.com/rust-lang/crates.io-index"
checksum = "45e46c0661abb7180e7b9c281db115305d49ca1709ab8242adf09666d2173c65"

[[package]]
name = "windows-numerics"
version = "0.2.0"
source = "registry+https://github.com/rust-lang/crates.io-index"
checksum = "9150af68066c4c5c07ddc0ce30421554771e528bde427614c61038bc2c92c2b1"
dependencies = [
 "windows-core 0.61.2",
 "windows-link 0.1.3",
]

[[package]]
name = "windows-numerics"
version = "0.3.0"
source = "registry+https://github.com/rust-lang/crates.io-index"
checksum = "2ce3498fe0aba81e62e477408383196b4b0363db5e0c27646f932676283b43d8"
dependencies = [
 "windows-core 0.62.1",
 "windows-link 0.2.0",
]

[[package]]
name = "windows-result"
version = "0.3.4"
source = "registry+https://github.com/rust-lang/crates.io-index"
checksum = "56f42bd332cc6c8eac5af113fc0c1fd6a8fd2aa08a0119358686e5160d0586c6"
dependencies = [
 "windows-link 0.1.3",
]

[[package]]
name = "windows-result"
version = "0.4.0"
source = "registry+https://github.com/rust-lang/crates.io-index"
checksum = "7084dcc306f89883455a206237404d3eaf961e5bd7e0f312f7c91f57eb44167f"
dependencies = [
 "windows-link 0.2.0",
]

[[package]]
name = "windows-strings"
version = "0.4.2"
source = "registry+https://github.com/rust-lang/crates.io-index"
checksum = "56e6c93f3a0c3b36176cb1327a4958a0353d5d166c2a35cb268ace15e91d3b57"
dependencies = [
 "windows-link 0.1.3",
]

[[package]]
name = "windows-strings"
version = "0.5.0"
source = "registry+https://github.com/rust-lang/crates.io-index"
checksum = "7218c655a553b0bed4426cf54b20d7ba363ef543b52d515b3e48d7fd55318dda"
dependencies = [
 "windows-link 0.2.0",
]

[[package]]
name = "windows-sys"
version = "0.59.0"
source = "registry+https://github.com/rust-lang/crates.io-index"
checksum = "1e38bc4d79ed67fd075bcc251a1c39b32a1776bbe92e5bef1f0bf1f8c531853b"
dependencies = [
 "windows-targets",
]

[[package]]
name = "windows-sys"
version = "0.61.1"
source = "registry+https://github.com/rust-lang/crates.io-index"
checksum = "6f109e41dd4a3c848907eb83d5a42ea98b3769495597450cf6d153507b166f0f"
dependencies = [
 "windows-link 0.2.0",
]

[[package]]
name = "windows-targets"
version = "0.52.6"
source = "registry+https://github.com/rust-lang/crates.io-index"
checksum = "9b724f72796e036ab90c1021d4780d4d3d648aca59e491e6b98e725b84e99973"
dependencies = [
 "windows_aarch64_gnullvm",
 "windows_aarch64_msvc",
 "windows_i686_gnu",
 "windows_i686_gnullvm",
 "windows_i686_msvc",
 "windows_x86_64_gnu",
 "windows_x86_64_gnullvm",
 "windows_x86_64_msvc",
]

[[package]]
name = "windows-threading"
version = "0.1.0"
source = "registry+https://github.com/rust-lang/crates.io-index"
checksum = "b66463ad2e0ea3bbf808b7f1d371311c80e115c0b71d60efc142cafbcfb057a6"
dependencies = [
 "windows-link 0.1.3",
]

[[package]]
name = "windows-threading"
version = "0.2.0"
source = "registry+https://github.com/rust-lang/crates.io-index"
checksum = "ab47f085ad6932defa48855254c758cdd0e2f2d48e62a34118a268d8f345e118"
dependencies = [
 "windows-link 0.2.0",
]

[[package]]
name = "windows_aarch64_gnullvm"
version = "0.52.6"
source = "registry+https://github.com/rust-lang/crates.io-index"
checksum = "32a4622180e7a0ec044bb555404c800bc9fd9ec262ec147edd5989ccd0c02cd3"

[[package]]
name = "windows_aarch64_msvc"
version = "0.52.6"
source = "registry+https://github.com/rust-lang/crates.io-index"
checksum = "09ec2a7bb152e2252b53fa7803150007879548bc709c039df7627cabbd05d469"

[[package]]
name = "windows_i686_gnu"
version = "0.52.6"
source = "registry+https://github.com/rust-lang/crates.io-index"
checksum = "8e9b5ad5ab802e97eb8e295ac6720e509ee4c243f69d781394014ebfe8bbfa0b"

[[package]]
name = "windows_i686_gnullvm"
version = "0.52.6"
source = "registry+https://github.com/rust-lang/crates.io-index"
checksum = "0eee52d38c090b3caa76c563b86c3a4bd71ef1a819287c19d586d7334ae8ed66"

[[package]]
name = "windows_i686_msvc"
version = "0.52.6"
source = "registry+https://github.com/rust-lang/crates.io-index"
checksum = "240948bc05c5e7c6dabba28bf89d89ffce3e303022809e73deaefe4f6ec56c66"

[[package]]
name = "windows_x86_64_gnu"
version = "0.52.6"
source = "registry+https://github.com/rust-lang/crates.io-index"
checksum = "147a5c80aabfbf0c7d901cb5895d1de30ef2907eb21fbbab29ca94c5b08b1a78"

[[package]]
name = "windows_x86_64_gnullvm"
version = "0.52.6"
source = "registry+https://github.com/rust-lang/crates.io-index"
checksum = "24d5b23dc417412679681396f2b49f3de8c1473deb516bd34410872eff51ed0d"

[[package]]
name = "windows_x86_64_msvc"
version = "0.52.6"
source = "registry+https://github.com/rust-lang/crates.io-index"
checksum = "589f6da84c646204747d1270a2a5661ea66ed1cced2631d546fdfb155959f9ec"
